
Microsoft Visual Studio Solution File, Format Version 12.00
# Visual Studio Version 16
VisualStudioVersion = 16.0.810.23
MinimumVisualStudioVersion = 10.0.40219.1
Project("{FAE04EC0-301F-11D3-BF4B-00C04F79EFBC}") = "Refresh_Csharp", "Refresh_Csharp\Refresh_Csharp.csproj", "{5363E17A-16DA-4594-B597-BF8439864568}"
EndProject
Global
	GlobalSection(SolutionConfigurationPlatforms) = preSolution
		Debug|Any CPU = Debug|Any CPU
		Release|Any CPU = Release|Any CPU
	EndGlobalSection
	GlobalSection(ProjectConfigurationPlatforms) = postSolution
		{5363E17A-16DA-4594-B597-BF8439864568}.Debug|Any CPU.ActiveCfg = Debug|Any CPU
		{5363E17A-16DA-4594-B597-BF8439864568}.Debug|Any CPU.Build.0 = Debug|Any CPU
		{5363E17A-16DA-4594-B597-BF8439864568}.Release|Any CPU.ActiveCfg = Release|Any CPU
		{5363E17A-16DA-4594-B597-BF8439864568}.Release|Any CPU.Build.0 = Release|Any CPU
	EndGlobalSection
	GlobalSection(SolutionProperties) = preSolution
		HideSolutionNode = FALSE
	EndGlobalSection
	GlobalSection(ExtensibilityGlobals) = postSolution
		SolutionGuid = {24C82B8D-2B4C-4267-9438-8F633602753B}
	EndGlobalSection
EndGlobal
